
Microsoft Visual Studio Solution File, Format Version 12.00
# Visual Studio Version 16
VisualStudioVersion = 16.0.30204.135
MinimumVisualStudioVersion = 10.0.40219.1
Project("{FAE04EC0-301F-11D3-BF4B-00C04F79EFBC}") = "TTNhom_QuanLyHocSinh", "TTNhom_QuanLyHocSinh\TTNhom_QuanLyHocSinh.csproj", "{AF2732AD-4839-49A2-BAED-C5FAEB17BA09}"
EndProject
Global
	GlobalSection(SolutionConfigurationPlatforms) = preSolution
		Debug|Any CPU = Debug|Any CPU
		Release|Any CPU = Release|Any CPU
	EndGlobalSection
	GlobalSection(ProjectConfigurationPlatforms) = postSolution
		{AF2732AD-4839-49A2-BAED-C5FAEB17BA09}.Debug|Any CPU.ActiveCfg = Debug|Any CPU
		{AF2732AD-4839-49A2-BAED-C5FAEB17BA09}.Debug|Any CPU.Build.0 = Debug|Any CPU
		{AF2732AD-4839-49A2-BAED-C5FAEB17BA09}.Release|Any CPU.ActiveCfg = Release|Any CPU
		{AF2732AD-4839-49A2-BAED-C5FAEB17BA09}.Release|Any CPU.Build.0 = Release|Any CPU
	EndGlobalSection
	GlobalSection(SolutionProperties) = preSolution
		HideSolutionNode = FALSE
	EndGlobalSection
	GlobalSection(ExtensibilityGlobals) = postSolution
		SolutionGuid = {D4DD5DB0-8EFD-48F1-8215-94A12EDA051D}
	EndGlobalSection
EndGlobal
